{
  "name": "backend",
  "version": "1.0.0",
  "lockfileVersion": 2,
  "requires": true,
  "packages": {
    "": {
      "name": "backend",
      "version": "1.0.0",
      "license": "ISC",
      "devDependencies": {
        "@types/fluent-ffmpeg": "^2.1.21"
      }
    },
    "node_modules/@types/fluent-ffmpeg": {
      "version": "2.1.21",
      "resolved": "https://registry.npmjs.org/@types/fluent-ffmpeg/-/fluent-ffmpeg-2.1.21.tgz",
      "integrity": "sha512-+n3dy/Tegt6n+YwGZUiGq6i8Jrnt8+MoyPiW1L6J5EWUl7GSt18a/VyReecfCsvTTNBXNMIKOMHDstiQM8nJLA==",
      "dev": true,
      "dependencies": {
        "@types/node": "*"
      }
    },
    "node_modules/@types/node": {
      "version": "18.15.3",
      "resolved": "https://registry.npmjs.org/@types/node/-/node-18.15.3.tgz",
      "integrity": "sha512-p6ua9zBxz5otCmbpb5D3U4B5Nanw6Pk3PPyX05xnxbB/fRv71N7CPmORg7uAD5P70T0xmx1pzAx/FUfa5X+3cw==",
      "dev": true
    }
  },
  "dependencies": {
    "@types/fluent-ffmpeg": {
      "version": "2.1.21",
      "resolved": "https://registry.npmjs.org/@types/fluent-ffmpeg/-/fluent-ffmpeg-2.1.21.tgz",
      "integrity": "sha512-+n3dy/Tegt6n+YwGZUiGq6i8Jrnt8+MoyPiW1L6J5EWUl7GSt18a/VyReecfCsvTTNBXNMIKOMHDstiQM8nJLA==",
      "dev": true,
      "requires": {
        "@types/node": "*"
      }
    },
    "@types/node": {
      "version": "18.15.3",
      "resolved": "https://registry.npmjs.org/@types/node/-/node-18.15.3.tgz",
      "integrity": "sha512-p6ua9zBxz5otCmbpb5D3U4B5Nanw6Pk3PPyX05xnxbB/fRv71N7CPmORg7uAD5P70T0xmx1pzAx/FUfa5X+3cw==",
      "dev": true
    }
  }
}
